
Microsoft Visual Studio Solution File, Format Version 12.00
# Visual Studio Version 17
VisualStudioVersion = 17.8.34525.116
MinimumVisualStudioVersion = 10.0.40219.1
Project("{FAE04EC0-301F-11D3-BF4B-00C04F79EFBC}") = "CinemaKino", "CinemaKino\CinemaKino.csproj", "{51FBE2BD-299A-4AAA-A0F9-196330179B5D}"
EndProject
Global
	GlobalSection(SolutionConfigurationPlatforms) = preSolution
		Debug|Any CPU = Debug|Any CPU
		Release|Any CPU = Release|Any CPU
	EndGlobalSection
	GlobalSection(ProjectConfigurationPlatforms) = postSolution
		{51FBE2BD-299A-4AAA-A0F9-196330179B5D}.Debug|Any CPU.ActiveCfg = Debug|Any CPU
		{51FBE2BD-299A-4AAA-A0F9-196330179B5D}.Debug|Any CPU.Build.0 = Debug|Any CPU
		{51FBE2BD-299A-4AAA-A0F9-196330179B5D}.Release|Any CPU.ActiveCfg = Release|Any CPU
		{51FBE2BD-299A-4AAA-A0F9-196330179B5D}.Release|Any CPU.Build.0 = Release|Any CPU
	EndGlobalSection
	GlobalSection(SolutionProperties) = preSolution
		HideSolutionNode = FALSE
	EndGlobalSection
	GlobalSection(ExtensibilityGlobals) = postSolution
		SolutionGuid = {B33CCC1C-E71F-45D4-BE45-5686660B979D}
	EndGlobalSection
EndGlobal
